
Microsoft Visual Studio Solution File, Format Version 12.00
# Visual Studio Version 17
VisualStudioVersion = 17.11.35219.272
MinimumVisualStudioVersion = 10.0.40219.1
Project("{FAE04EC0-301F-11D3-BF4B-00C04F79EFBC}") = "RedMango_API", "RedMango_API\RedMango_API.csproj", "{60CD7B13-C88E-4D19-9FF5-6E00E3F69326}"
EndProject
Global
	GlobalSection(SolutionConfigurationPlatforms) = preSolution
		Debug|Any CPU = Debug|Any CPU
		Release|Any CPU = Release|Any CPU
	EndGlobalSection
	GlobalSection(ProjectConfigurationPlatforms) = postSolution
		{60CD7B13-C88E-4D19-9FF5-6E00E3F69326}.Debug|Any CPU.ActiveCfg = Debug|Any CPU
		{60CD7B13-C88E-4D19-9FF5-6E00E3F69326}.Debug|Any CPU.Build.0 = Debug|Any CPU
		{60CD7B13-C88E-4D19-9FF5-6E00E3F69326}.Release|Any CPU.ActiveCfg = Release|Any CPU
		{60CD7B13-C88E-4D19-9FF5-6E00E3F69326}.Release|Any CPU.Build.0 = Release|Any CPU
	EndGlobalSection
	GlobalSection(SolutionProperties) = preSolution
		HideSolutionNode = FALSE
	EndGlobalSection
	GlobalSection(ExtensibilityGlobals) = postSolution
		SolutionGuid = {D29142F7-12D9-43EA-BCEB-2BB4609C1B77}
	EndGlobalSection
EndGlobal
